
Microsoft Visual Studio Solution File, Format Version 12.00
# Visual Studio Version 16
VisualStudioVersion = 16.0.808.9
MinimumVisualStudioVersion = 10.0.40219.1
Project("{FAE04EC0-301F-11D3-BF4B-00C04F79EFBC}") = "toptal_sample_test", "toptal_sample_test\toptal_sample_test.csproj", "{64C80E09-C6CD-405A-8A45-B8DCBC5C1322}"
EndProject
Global
	GlobalSection(SolutionConfigurationPlatforms) = preSolution
		Debug|Any CPU = Debug|Any CPU
		Release|Any CPU = Release|Any CPU
	EndGlobalSection
	GlobalSection(ProjectConfigurationPlatforms) = postSolution
		{64C80E09-C6CD-405A-8A45-B8DCBC5C1322}.Debug|Any CPU.ActiveCfg = Debug|Any CPU
		{64C80E09-C6CD-405A-8A45-B8DCBC5C1322}.Debug|Any CPU.Build.0 = Debug|Any CPU
		{64C80E09-C6CD-405A-8A45-B8DCBC5C1322}.Release|Any CPU.ActiveCfg = Release|Any CPU
		{64C80E09-C6CD-405A-8A45-B8DCBC5C1322}.Release|Any CPU.Build.0 = Release|Any CPU
	EndGlobalSection
	GlobalSection(SolutionProperties) = preSolution
		HideSolutionNode = FALSE
	EndGlobalSection
	GlobalSection(ExtensibilityGlobals) = postSolution
		SolutionGuid = {4A7DD214-57D1-47E9-96B3-4E34E320B00B}
	EndGlobalSection
EndGlobal
